# Exact unattended-archive runtime captured on 2026-09-02.
# Python: CPython 3.12.10 on Windows x86-64.
# Rebuild with: py -3.12 -m venv .venv && .venv/Scripts/pip install -r requirements-ops.lock
annotated-doc==0.0.5
astropy==8.0.1
astropy-iers-data==0.2026.7.27.0.56.29
astropy_healpix==2.0.1
certifi==2026.7.22
charset-normalizer==3.4.9
colorama==0.4.6
idna==3.18
markdown-it-py==4.2.0
mdurl==0.1.2
numpy==2.5.1
packaging==26.2
polars==1.43.1
polars-runtime-32==1.43.1
pyarrow==25.0.0
pyerfa==2.0.1.5
Pygments==2.20.0
PyYAML==6.0.3
requests==2.34.2
rich==15.0.0
shellingham==1.5.4
typer==0.27.0
urllib3==2.7.0
